# This file is generated by running "yarn install" inside your project.
# Manual changes might be lost - proceed with caution!

__metadata:
  version: 8
  cacheKey: 10c0

"@babel/runtime@npm:^7.11.2, @babel/runtime@npm:^7.17.8":
  version: 7.25.6
  resolution: "@babel/runtime@npm:7.25.6"
  dependencies:
    regenerator-runtime: "npm:^0.14.0"
  checksum: 10c0/d6143adf5aa1ce79ed374e33fdfd74fa975055a80bc6e479672ab1eadc4e4bfd7484444e17dd063a1d180e051f3ec62b357c7a2b817e7657687b47313158c3d2
  languageName: node
  linkType: hard

"@mediapipe/tasks-vision@npm:0.10.8":
  version: 0.10.8
  resolution: "@mediapipe/tasks-vision@npm:0.10.8"
  checksum: 10c0/17b54eac84c820a39740893ba732ad9913a90cc1911b1573893b63f48671d2651a5249e13914efbde90af71089b35a9fac765113d82c9d0765ec00ccb0e5b156
  languageName: node
  linkType: hard

"@monogrid/gainmap-js@npm:^3.0.5":
  version: 3.0.6
  resolution: "@monogrid/gainmap-js@npm:3.0.6"
  dependencies:
    promise-worker-transferable: "npm:^1.0.4"
  peerDependencies:
    three: ">= 0.159.0"
  checksum: 10c0/35f25e50b15fb55c4d38d08334337bbeff784a2b4a6c4069c1eaee49d1c4c27b2119e938efaa1417cfd9c99902355b0aaf8d9b9fc296748eb4cd26de81dd43f3
  languageName: node
  linkType: hard

"@react-spring/animated@npm:~9.6.1":
  version: 9.6.1
  resolution: "@react-spring/animated@npm:9.6.1"
  dependencies:
    "@react-spring/shared": "npm:~9.6.1"
    "@react-spring/types": "npm:~9.6.1"
  peerDependencies:
    react: ^16.8.0 || ^17.0.0 || ^18.0.0
  checksum: 10c0/c7a6eea30d82f9266a1e01bc9a8fcae49fa5edd474cf28a85edaf77bc638f8622f81db81c4da32881a238aeadf4b135d414d78334c23ac7588ba4dd266472ff6
  languageName: node
  linkType: hard

"@react-spring/core@npm:~9.6.1":
  version: 9.6.1
  resolution: "@react-spring/core@npm:9.6.1"
  dependencies:
    "@react-spring/animated": "npm:~9.6.1"
    "@react-spring/rafz": "npm:~9.6.1"
    "@react-spring/shared": "npm:~9.6.1"
    "@react-spring/types": "npm:~9.6.1"
  peerDependencies:
    react: ^16.8.0 || ^17.0.0 || ^18.0.0
  checksum: 10c0/8deb3c623604f37439b127cff45246228054ccf2fab9504cc3289a422d82a58b8670d978e9f5d09a619cddbc5670628c2db81e0c984b9143c1688226b7bfdcc2
  languageName: node
  linkType: hard

"@react-spring/rafz@npm:~9.6.1":
  version: 9.6.1
  resolution: "@react-spring/rafz@npm:9.6.1"
  checksum: 10c0/56ec6f7540f782e45160a8270bb2f305320ab1bfafc1ce4fe69f35126bbf3e68ea69f42f23f2cfb571e9952e50850d09fa54b520fb1df5975a511a1bd6d4767d
  languageName: node
  linkType: hard

"@react-spring/shared@npm:~9.6.1":
  version: 9.6.1
  resolution: "@react-spring/shared@npm:9.6.1"
  dependencies:
    "@react-spring/rafz": "npm:~9.6.1"
    "@react-spring/types": "npm:~9.6.1"
  peerDependencies:
    react: ^16.8.0 || ^17.0.0 || ^18.0.0
  checksum: 10c0/6173111653da1c622b65ccc52486de245541dc52697ecfee8257d79903e27914936c3e941f85015140a2e0647d8cddb98deccf60530f3d4d1ed865a833c96302
  languageName: node
  linkType: hard

"@react-spring/three@npm:~9.6.1":
  version: 9.6.1
  resolution: "@react-spring/three@npm:9.6.1"
  dependencies:
    "@react-spring/animated": "npm:~9.6.1"
    "@react-spring/core": "npm:~9.6.1"
    "@react-spring/shared": "npm:~9.6.1"
    "@react-spring/types": "npm:~9.6.1"
  peerDependencies:
    "@react-three/fiber": ">=6.0"
    react: ^16.8.0 || ^17.0.0 || ^18.0.0
    three: ">=0.126"
  checksum: 10c0/e313fd804afa80aa62e49cbc802a088bad53138acbf22b7fdc32fa768828c299e2a9aa3a228bdfce19386f4adfdb117a06a106ffe16ccaf33f2214937e596017
  languageName: node
  linkType: hard

"@react-spring/types@npm:~9.6.1":
  version: 9.6.1
  resolution: "@react-spring/types@npm:9.6.1"
  checksum: 10c0/99cca0141c6e8a377407e66c6deb7a370a07d2b60a103666aab858576ec9d8cbfe2254eab6bf8a6cba1e3aa6420bcd6d5c8633b04a24ccaf06e96f28cfc2d517
  languageName: node
  linkType: hard

"@react-three/drei@npm:^9.111.5":
  version: 9.112.0
  resolution: "@react-three/drei@npm:9.112.0"
  dependencies:
    "@babel/runtime": "npm:^7.11.2"
    "@mediapipe/tasks-vision": "npm:0.10.8"
    "@monogrid/gainmap-js": "npm:^3.0.5"
    "@react-spring/three": "npm:~9.6.1"
    "@use-gesture/react": "npm:^10.2.24"
    camera-controls: "npm:^2.4.2"
    cross-env: "npm:^7.0.3"
    detect-gpu: "npm:^5.0.28"
    glsl-noise: "npm:^0.0.0"
    hls.js: "npm:1.3.5"
    maath: "npm:^0.10.7"
    meshline: "npm:^3.1.6"
    react-composer: "npm:^5.0.3"
    stats-gl: "npm:^2.0.0"
    stats.js: "npm:^0.17.0"
    suspend-react: "npm:^0.1.3"
    three-mesh-bvh: "npm:^0.7.0"
    three-stdlib: "npm:^2.29.9"
    troika-three-text: "npm:^0.49.0"
    tunnel-rat: "npm:^0.1.2"
    utility-types: "npm:^3.10.0"
    uuid: "npm:^9.0.1"
    zustand: "npm:^3.7.1"
  peerDependencies:
    "@react-three/fiber": ">=8.0"
    react: ">=18.0"
    react-dom: ">=18.0"
    three: ">=0.137"
  peerDependenciesMeta:
    react-dom:
      optional: true
  checksum: 10c0/a5f42b3f42f92c0828737df51dbe4abf5732ed3132cb2e5ebb165a8b6f196c05aac06326e0769b2c854d9bc87d37d559bde6d904e0e7b5c5ee5c92ce4b76cae9
  languageName: node
  linkType: hard

"@react-three/fiber@npm:^8.17.6":
  version: 8.17.6
  resolution: "@react-three/fiber@npm:8.17.6"
  dependencies:
    "@babel/runtime": "npm:^7.17.8"
    "@types/debounce": "npm:^1.2.1"
    "@types/react-reconciler": "npm:^0.26.7"
    "@types/webxr": "npm:*"
    base64-js: "npm:^1.5.1"
    buffer: "npm:^6.0.3"
    debounce: "npm:^1.2.1"
    its-fine: "npm:^1.0.6"
    react-reconciler: "npm:^0.27.0"
    scheduler: "npm:^0.21.0"
    suspend-react: "npm:^0.1.3"
    zustand: "npm:^3.7.1"
  peerDependencies:
    expo: ">=43.0"
    expo-asset: ">=8.4"
    expo-file-system: ">=11.0"
    expo-gl: ">=11.0"
    react: ">=18.0"
    react-dom: ">=18.0"
    react-native: ">=0.64"
    three: ">=0.133"
  peerDependenciesMeta:
    expo:
      optional: true
    expo-asset:
      optional: true
    expo-file-system:
      optional: true
    expo-gl:
      optional: true
    react-dom:
      optional: true
    react-native:
      optional: true
  checksum: 10c0/529e0d546bd436d7f22096575783c84d656cc7b097758b9d136c5ee137cbbd5996d0bd9933d8dca987e683a8522afc02204cdbd8020a491c021ebf4e0ecf5c03
  languageName: node
  linkType: hard

"@tweenjs/tween.js@npm:~23.1.1":
  version: 23.1.3
  resolution: "@tweenjs/tween.js@npm:23.1.3"
  checksum: 10c0/811b30f5f0e7409fb41833401c501c2d6f600eb5f43039dd9067a7f70aff6dad5f5ce1233848e13f0b33a269a160d9c133f344d986cbff4f1f6b72ddecd06c89
  languageName: node
  linkType: hard

"@types/debounce@npm:^1.2.1":
  version: 1.2.4
  resolution: "@types/debounce@npm:1.2.4"
  checksum: 10c0/89db97397312b1273be74b326133af4744e5f63b726016bb6eb5c31b94f07a2f3bd3fb5bc3a3667bce506f01ede46c9abbfb88a4745ee9f34641fb636ab51210
  languageName: node
  linkType: hard

"@types/draco3d@npm:^1.4.0":
  version: 1.4.10
  resolution: "@types/draco3d@npm:1.4.10"
  checksum: 10c0/431e333b2fd67e2b081e8697e71dfb82a125fc04b2cbfa0205e4d521719d3749c964b2bf82bb7944ba0a12e5bc3d9afe387a58e68b195d838fcdbc65c8572a35
  languageName: node
  linkType: hard

"@types/offscreencanvas@npm:^2019.6.4":
  version: 2019.7.3
  resolution: "@types/offscreencanvas@npm:2019.7.3"
  checksum: 10c0/6d1dfae721d321cd2b5435f347a0e53b09f33b2f9e9333396480f592823bc323847b8169f7d251d2285cb93dbc1ba2e30741ac5cf4b1c003d660fd4c24526963
  languageName: node
  linkType: hard

"@types/prop-types@npm:*":
  version: 15.7.12
  resolution: "@types/prop-types@npm:15.7.12"
  checksum: 10c0/1babcc7db6a1177779f8fde0ccc78d64d459906e6ef69a4ed4dd6339c920c2e05b074ee5a92120fe4e9d9f1a01c952f843ebd550bee2332fc2ef81d1706878f8
  languageName: node
  linkType: hard

"@types/react-reconciler@npm:^0.26.7":
  version: 0.26.7
  resolution: "@types/react-reconciler@npm:0.26.7"
  dependencies:
    "@types/react": "npm:*"
  checksum: 10c0/ed01a9cdc81db41f244552a16a7b168acb32f2f11f7529b020a9a65fae77a12c5f51bbf62e147955c453a41582a5eceae5bedebbc022e9d99a2714d3cb68df21
  languageName: node
  linkType: hard

"@types/react-reconciler@npm:^0.28.0":
  version: 0.28.8
  resolution: "@types/react-reconciler@npm:0.28.8"
  dependencies:
    "@types/react": "npm:*"
  checksum: 10c0/ca95cffcdf58591679c6c87dcc6f2c50cef9c6b2772d089ec0c695567656f34a30a0f2592f391d99b0e877f94afd67347082c55eb1dc5cb8000e23c8efc0fafc
  languageName: node
  linkType: hard

"@types/react@npm:*":
  version: 18.3.5
  resolution: "@types/react@npm:18.3.5"
  dependencies:
    "@types/prop-types": "npm:*"
    csstype: "npm:^3.0.2"
  checksum: 10c0/548b1d3d7c2f0242fbfdbbd658731b4ce69a134be072fa83e6ab516f2840402a3f20e3e7f72e95133b23d4880ef24a6d864050dc8e1f7c68f39fa87ca8445917
  languageName: node
  linkType: hard

"@types/stats.js@npm:*":
  version: 0.17.3
  resolution: "@types/stats.js@npm:0.17.3"
  checksum: 10c0/ccccc992c6dfe08fb85049aa3ce44ca7e428db8da4a3edd20298f1c8b72768021fa8bacdfbe8e9735a7552ee5d57f667c6f557050ad2d9a87b699b3566a6177a
  languageName: node
  linkType: hard

"@types/three@npm:^0.163.0":
  version: 0.163.0
  resolution: "@types/three@npm:0.163.0"
  dependencies:
    "@tweenjs/tween.js": "npm:~23.1.1"
    "@types/stats.js": "npm:*"
    "@types/webxr": "npm:*"
    fflate: "npm:~0.8.2"
    meshoptimizer: "npm:~0.18.1"
  checksum: 10c0/715406a709bdcf567ba844c598c73dac07b679df942f85c578e82a33d00ae3ac67e8f6a3e030ec75ba0f639d33c65fb7ec6237c11a4a501c98569d99bc67a5b6
  languageName: node
  linkType: hard

"@types/webxr@npm:*, @types/webxr@npm:^0.5.2":
  version: 0.5.20
  resolution: "@types/webxr@npm:0.5.20"
  checksum: 10c0/f8bddda79a43bfc31ce92d9c4b6d324390c40382e4981262b6217199636b5b7cb77228dea35ce18a054a2d2e9c19d1c59e3f7b14f450527b72764db786c8c7b9
  languageName: node
  linkType: hard

"@use-gesture/core@npm:10.3.1":
  version: 10.3.1
  resolution: "@use-gesture/core@npm:10.3.1"
  checksum: 10c0/2e3b5c0f7fe26cdb47be3a9c2a58a6a9edafc5b2895b07d2898eda9ab5a2b29fb0098b15597baa0856907b593075cd44cc69bba4785c9cfb7b6fabaa3b52cd3e
  languageName: node
  linkType: hard

"@use-gesture/react@npm:^10.2.24":
  version: 10.3.1
  resolution: "@use-gesture/react@npm:10.3.1"
  dependencies:
    "@use-gesture/core": "npm:10.3.1"
  peerDependencies:
    react: ">= 16.8.0"
  checksum: 10c0/978da66e4e7c424866ad52eba8fdf0ce93a4c8fc44f8837c7043e68c6a6107cd67e817fffb27f7db2ae871ef2f6addb0c8ddf1586f24c67b7e6aef1646c668cf
  languageName: node
  linkType: hard

"base64-js@npm:^1.3.1, base64-js@npm:^1.5.1":
  version: 1.5.1
  resolution: "base64-js@npm:1.5.1"
  checksum: 10c0/f23823513b63173a001030fae4f2dabe283b99a9d324ade3ad3d148e218134676f1ee8568c877cd79ec1c53158dcf2d2ba527a97c606618928ba99dd930102bf
  languageName: node
  linkType: hard

"bidi-js@npm:^1.0.2":
  version: 1.0.3
  resolution: "bidi-js@npm:1.0.3"
  dependencies:
    require-from-string: "npm:^2.0.2"
  checksum: 10c0/fdddea4aa4120a34285486f2267526cd9298b6e8b773ad25e765d4f104b6d7437ab4ba542e6939e3ac834a7570bcf121ee2cf6d3ae7cd7082c4b5bedc8f271e1
  languageName: node
  linkType: hard

"buffer@npm:^6.0.3":
  version: 6.0.3
  resolution: "buffer@npm:6.0.3"
  dependencies:
    base64-js: "npm:^1.3.1"
    ieee754: "npm:^1.2.1"
  checksum: 10c0/2a905fbbcde73cc5d8bd18d1caa23715d5f83a5935867c2329f0ac06104204ba7947be098fe1317fbd8830e26090ff8e764f08cd14fefc977bb248c3487bcbd0
  languageName: node
  linkType: hard

"camera-controls@npm:^2.4.2":
  version: 2.9.0
  resolution: "camera-controls@npm:2.9.0"
  peerDependencies:
    three: ">=0.126.1"
  checksum: 10c0/a772881a7a290615f144dac35e9fae78db14472e96eeb6cdf8d328a40f76bf007e64fb4ed093b1256e5b3bb9b9da2a94b97f623bbbd5cbd9485e6e75dc84af75
  languageName: node
  linkType: hard

"cross-env@npm:^7.0.3":
  version: 7.0.3
  resolution: "cross-env@npm:7.0.3"
  dependencies:
    cross-spawn: "npm:^7.0.1"
  bin:
    cross-env: src/bin/cross-env.js
    cross-env-shell: src/bin/cross-env-shell.js
  checksum: 10c0/f3765c25746c69fcca369655c442c6c886e54ccf3ab8c16847d5ad0e91e2f337d36eedc6599c1227904bf2a228d721e690324446876115bc8e7b32a866735ecf
  languageName: node
  linkType: hard

"cross-spawn@npm:^7.0.1":
  version: 7.0.3
  resolution: "cross-spawn@npm:7.0.3"
  dependencies:
    path-key: "npm:^3.1.0"
    shebang-command: "npm:^2.0.0"
    which: "npm:^2.0.1"
  checksum: 10c0/5738c312387081c98d69c98e105b6327b069197f864a60593245d64c8089c8a0a744e16349281210d56835bb9274130d825a78b2ad6853ca13cfbeffc0c31750
  languageName: node
  linkType: hard

"csstype@npm:^3.0.2":
  version: 3.1.3
  resolution: "csstype@npm:3.1.3"
  checksum: 10c0/80c089d6f7e0c5b2bd83cf0539ab41474198579584fa10d86d0cafe0642202343cbc119e076a0b1aece191989477081415d66c9fefbf3c957fc2fc4b7009f248
  languageName: node
  linkType: hard

"debounce@npm:^1.2.1":
  version: 1.2.1
  resolution: "debounce@npm:1.2.1"
  checksum: 10c0/6c9320aa0973fc42050814621a7a8a78146c1975799b5b3cc1becf1f77ba9a5aa583987884230da0842a03f385def452fad5d60db97c3d1c8b824e38a8edf500
  languageName: node
  linkType: hard

"detect-gpu@npm:^5.0.28":
  version: 5.0.46
  resolution: "detect-gpu@npm:5.0.46"
  dependencies:
    webgl-constants: "npm:^1.1.1"
  checksum: 10c0/b0d5ab7541f1da6f16fca94f875636ab83cb3d68885e5cbb8f22d828c1ce56ae8ff4026436d3ba704d43a3a96ee71a134ad4bbe93fd1f0810b0d8fc137ca0582
  languageName: node
  linkType: hard

"draco3d@npm:^1.4.1":
  version: 1.5.7
  resolution: "draco3d@npm:1.5.7"
  checksum: 10c0/4419509bb93c31560a22a1a54e1c394a5b5017cab39941120c75151d941c11dec05925abf31f597ac2694c570b78c04f82aa3d69e5311f8f8e71fc8b9d92d12f
  languageName: node
  linkType: hard

"fflate@npm:^0.6.9":
  version: 0.6.10
  resolution: "fflate@npm:0.6.10"
  checksum: 10c0/c452f720e4cb404b300fceb8ef0bdf345f18fbfd3f57f7d0974dce5f5e2ac0e8dd4b6ff4bb7061ae74fd919b9c707172f9dbd44d91149b1137199b8c705768f1
  languageName: node
  linkType: hard

"fflate@npm:~0.8.2":
  version: 0.8.2
  resolution: "fflate@npm:0.8.2"
  checksum: 10c0/03448d630c0a583abea594835a9fdb2aaf7d67787055a761515bf4ed862913cfd693b4c4ffd5c3f3b355a70cf1e19033e9ae5aedcca103188aaff91b8bd6e293
  languageName: node
  linkType: hard

"glsl-noise@npm:^0.0.0":
  version: 0.0.0
  resolution: "glsl-noise@npm:0.0.0"
  checksum: 10c0/442630e86ed109079f4ed92f3b59d24d0b9da60c03cb8ac9313a056996bf4b5d696b4c6121ee29952e8a19c5cf174a999cfe672464959db36fc75334c3134677
  languageName: node
  linkType: hard

"hls.js@npm:1.3.5":
  version: 1.3.5
  resolution: "hls.js@npm:1.3.5"
  checksum: 10c0/962e2248922ad0f7fe023c0ae1645764ce281be56d44d0cece0ca84c2c28b2be84a57713b7c0d4e982a39250ba42fe4d239fbced069cbc58beea977d8cc23090
  languageName: node
  linkType: hard

"ieee754@npm:^1.2.1":
  version: 1.2.1
  resolution: "ieee754@npm:1.2.1"
  checksum: 10c0/b0782ef5e0935b9f12883a2e2aa37baa75da6e66ce6515c168697b42160807d9330de9a32ec1ed73149aea02e0d822e572bca6f1e22bdcbd2149e13b050b17bb
  languageName: node
  linkType: hard

"immediate@npm:~3.0.5":
  version: 3.0.6
  resolution: "immediate@npm:3.0.6"
  checksum: 10c0/f8ba7ede69bee9260241ad078d2d535848745ff5f6995c7c7cb41cfdc9ccc213f66e10fa5afb881f90298b24a3f7344b637b592beb4f54e582770cdce3f1f039
  languageName: node
  linkType: hard

"is-promise@npm:^2.1.0":
  version: 2.2.2
  resolution: "is-promise@npm:2.2.2"
  checksum: 10c0/2dba959812380e45b3df0fb12e7cb4d4528c989c7abb03ececb1d1fd6ab1cbfee956ca9daa587b9db1d8ac3c1e5738cf217bdb3dfd99df8c691be4c00ae09069
  languageName: node
  linkType: hard

"isexe@npm:^2.0.0":
  version: 2.0.0
  resolution: "isexe@npm:2.0.0"
  checksum: 10c0/228cfa503fadc2c31596ab06ed6aa82c9976eec2bfd83397e7eaf06d0ccf42cd1dfd6743bf9aeb01aebd4156d009994c5f76ea898d2832c1fe342da923ca457d
  languageName: node
  linkType: hard

"its-fine@npm:^1.0.6":
  version: 1.2.5
  resolution: "its-fine@npm:1.2.5"
  dependencies:
    "@types/react-reconciler": "npm:^0.28.0"
  peerDependencies:
    react: ">=18.0"
  checksum: 10c0/5618955ac7ae0d7788580186f91ac9989301ead2c87250883258cd7ee32f9a4e08574728506d1deb90477090d7a688ba19571126aae9fb25661e90057dd772df
  languageName: node
  linkType: hard

"js-tokens@npm:^3.0.0 || ^4.0.0":
  version: 4.0.0
  resolution: "js-tokens@npm:4.0.0"
  checksum: 10c0/e248708d377aa058eacf2037b07ded847790e6de892bbad3dac0abba2e759cb9f121b00099a65195616badcb6eca8d14d975cb3e89eb1cfda644756402c8aeed
  languageName: node
  linkType: hard

"lie@npm:^3.0.2":
  version: 3.3.0
  resolution: "lie@npm:3.3.0"
  dependencies:
    immediate: "npm:~3.0.5"
  checksum: 10c0/56dd113091978f82f9dc5081769c6f3b947852ecf9feccaf83e14a123bc630c2301439ce6182521e5fbafbde88e88ac38314327a4e0493a1bea7e0699a7af808
  languageName: node
  linkType: hard

"loose-envify@npm:^1.1.0, loose-envify@npm:^1.4.0":
  version: 1.4.0
  resolution: "loose-envify@npm:1.4.0"
  dependencies:
    js-tokens: "npm:^3.0.0 || ^4.0.0"
  bin:
    loose-envify: cli.js
  checksum: 10c0/655d110220983c1a4b9c0c679a2e8016d4b67f6e9c7b5435ff5979ecdb20d0813f4dec0a08674fcbdd4846a3f07edbb50a36811fd37930b94aaa0d9daceb017e
  languageName: node
  linkType: hard

"maath@npm:^0.10.7":
  version: 0.10.8
  resolution: "maath@npm:0.10.8"
  peerDependencies:
    "@types/three": ">=0.134.0"
    three: ">=0.134.0"
  checksum: 10c0/fb61faac89567595f7e25f261f8a9750d0ced674fd16c77c6e486a0c4a00c572fa37969d613d017380f8ea4e8ff357d481dcd94240a104a7969bc7e95b9fe99e
  languageName: node
  linkType: hard

"meshline@npm:^3.1.6":
  version: 3.3.1
  resolution: "meshline@npm:3.3.1"
  peerDependencies:
    three: ">=0.137"
  checksum: 10c0/95d5c7c90aca350530f37f9ea5c5e333a66ea0c50416fa6372c24a23321837a4c70d92d6a9a5942ee124484855a2d3fc8ca0656305feb8d8f86aa10513e324e4
  languageName: node
  linkType: hard

"meshoptimizer@npm:~0.18.1":
  version: 0.18.1
  resolution: "meshoptimizer@npm:0.18.1"
  checksum: 10c0/8a825c58b20b65585e8d00788843929b60c66ba4297e89afaa49f7c51ab9a0f7b9130f90cc9ad1b9b48b3d1bee3beb1bc93608acba0d73e78995c3e6e5ca436b
  languageName: node
  linkType: hard

"object-assign@npm:^4.1.1":
  version: 4.1.1
  resolution: "object-assign@npm:4.1.1"
  checksum: 10c0/1f4df9945120325d041ccf7b86f31e8bcc14e73d29171e37a7903050e96b81323784ec59f93f102ec635bcf6fa8034ba3ea0a8c7e69fa202b87ae3b6cec5a414
  languageName: node
  linkType: hard

"path-key@npm:^3.1.0":
  version: 3.1.1
  resolution: "path-key@npm:3.1.1"
  checksum: 10c0/748c43efd5a569c039d7a00a03b58eecd1d75f3999f5a28303d75f521288df4823bc057d8784eb72358b2895a05f29a070bc9f1f17d28226cc4e62494cc58c4c
  languageName: node
  linkType: hard

"potpack@npm:^1.0.1":
  version: 1.0.2
  resolution: "potpack@npm:1.0.2"
  checksum: 10c0/670c23898a4257130858b960c2e654d3327c0f6a7e7091ff5846f213e65af8f9476320b995b8ad561a47a4d1c359c7ef347de57d22e7b02597051abb52bc85c4
  languageName: node
  linkType: hard

"promise-worker-transferable@npm:^1.0.4":
  version: 1.0.4
  resolution: "promise-worker-transferable@npm:1.0.4"
  dependencies:
    is-promise: "npm:^2.1.0"
    lie: "npm:^3.0.2"
  checksum: 10c0/110d273cbba2631c318762f02c159531f1e05e4af91080368b9d4c02b880824ae4c49a8ec7094c6434989ea2ee8de913b21c809279babeaf447fc90a682dcd7c
  languageName: node
  linkType: hard

"prop-types@npm:^15.6.0":
  version: 15.8.1
  resolution: "prop-types@npm:15.8.1"
  dependencies:
    loose-envify: "npm:^1.4.0"
    object-assign: "npm:^4.1.1"
    react-is: "npm:^16.13.1"
  checksum: 10c0/59ece7ca2fb9838031d73a48d4becb9a7cc1ed10e610517c7d8f19a1e02fa47f7c27d557d8a5702bec3cfeccddc853579832b43f449e54635803f277b1c78077
  languageName: node
  linkType: hard

"react-composer@npm:^5.0.3":
  version: 5.0.3
  resolution: "react-composer@npm:5.0.3"
  dependencies:
    prop-types: "npm:^15.6.0"
  peerDependencies:
    react: ^15.0.0 || ^16.0.0 || ^17.0.0 || ^18.0.0
  checksum: 10c0/6f0a62ce02f37d5b7b7959006b33eaa9c0949c404b25e78a3f19d8bdb7b31c8e30b836863601c3464dec847d45976e62274291ce60015892999094be1a0e7e03
  languageName: node
  linkType: hard

"react-is@npm:^16.13.1":
  version: 16.13.1
  resolution: "react-is@npm:16.13.1"
  checksum: 10c0/33977da7a5f1a287936a0c85639fec6ca74f4f15ef1e59a6bc20338fc73dc69555381e211f7a3529b8150a1f71e4225525b41b60b52965bda53ce7d47377ada1
  languageName: node
  linkType: hard

"react-reconciler@npm:^0.27.0":
  version: 0.27.0
  resolution: "react-reconciler@npm:0.27.0"
  dependencies:
    loose-envify: "npm:^1.1.0"
    scheduler: "npm:^0.21.0"
  peerDependencies:
    react: ^18.0.0
  checksum: 10c0/55daff215ff9544dc5b2ba6ecda20520df0f1b2ca145c00fd0905ced1b025f3779664715c36b511a8906aa24b8b433270b0032cd499c55c4e4c878cddc8fc986
  languageName: node
  linkType: hard

"regenerator-runtime@npm:^0.14.0":
  version: 0.14.1
  resolution: "regenerator-runtime@npm:0.14.1"
  checksum: 10c0/1b16eb2c4bceb1665c89de70dcb64126a22bc8eb958feef3cd68fe11ac6d2a4899b5cd1b80b0774c7c03591dc57d16631a7f69d2daa2ec98100e2f29f7ec4cc4
  languageName: node
  linkType: hard

"require-from-string@npm:^2.0.2":
  version: 2.0.2
  resolution: "require-from-string@npm:2.0.2"
  checksum: 10c0/aaa267e0c5b022fc5fd4eef49d8285086b15f2a1c54b28240fdf03599cbd9c26049fee3eab894f2e1f6ca65e513b030a7c264201e3f005601e80c49fb2937ce2
  languageName: node
  linkType: hard

"root-workspace-0b6124@workspace:.":
  version: 0.0.0-use.local
  resolution: "root-workspace-0b6124@workspace:."
  dependencies:
    "@react-three/drei": "npm:^9.111.5"
    "@react-three/fiber": "npm:^8.17.6"
    three: "npm:^0.168.0"
    yarn: "npm:^1.22.22"
  languageName: unknown
  linkType: soft

"scheduler@npm:^0.21.0":
  version: 0.21.0
  resolution: "scheduler@npm:0.21.0"
  dependencies:
    loose-envify: "npm:^1.1.0"
  checksum: 10c0/083a9a0c83f4923f7f5bb28d8bcf13cff42c90f4303bc187166520fcfc576c97e946d426c707d5a9c0aa0a655819605dd0c741467c626824bbf191251c126f1b
  languageName: node
  linkType: hard

"shebang-command@npm:^2.0.0":
  version: 2.0.0
  resolution: "shebang-command@npm:2.0.0"
  dependencies:
    shebang-regex: "npm:^3.0.0"
  checksum: 10c0/a41692e7d89a553ef21d324a5cceb5f686d1f3c040759c50aab69688634688c5c327f26f3ecf7001ebfd78c01f3c7c0a11a7c8bfd0a8bc9f6240d4f40b224e4e
  languageName: node
  linkType: hard

"shebang-regex@npm:^3.0.0":
  version: 3.0.0
  resolution: "shebang-regex@npm:3.0.0"
  checksum: 10c0/1dbed0726dd0e1152a92696c76c7f06084eb32a90f0528d11acd764043aacf76994b2fb30aa1291a21bd019d6699164d048286309a278855ee7bec06cf6fb690
  languageName: node
  linkType: hard

"stats-gl@npm:^2.0.0":
  version: 2.2.8
  resolution: "stats-gl@npm:2.2.8"
  dependencies:
    "@types/three": "npm:^0.163.0"
  checksum: 10c0/b82d4d51098d6775272c295d67575be5df6b81d2f53fb660773e271be24998dbc771469035b62406a5d85f9b8631da4cdde32fc658fe11c4697c583b5eed242a
  languageName: node
  linkType: hard

"stats.js@npm:^0.17.0":
  version: 0.17.0
  resolution: "stats.js@npm:0.17.0"
  checksum: 10c0/03392b4b9eb15cb285b8cf46c5dd68e4e7b556d8e4c72a3a48e6bd2ab6f2e72a02b145d465f594450df081d8f94a45e8ac1112a0d507a200a5768504082ca080
  languageName: node
  linkType: hard

"suspend-react@npm:^0.1.3":
  version: 0.1.3
  resolution: "suspend-react@npm:0.1.3"
  peerDependencies:
    react: ">=17.0"
  checksum: 10c0/c35436f492a5cab85a2aac8f5ee5af8f67edbab3a49e12d15c7f770aae4cf09fe2925b3b8c122929210c1f28aa0958f91684a687d6608f116f7da8406d8a2f1c
  languageName: node
  linkType: hard

"three-mesh-bvh@npm:^0.7.0":
  version: 0.7.6
  resolution: "three-mesh-bvh@npm:0.7.6"
  peerDependencies:
    three: ">= 0.151.0"
  checksum: 10c0/caa2e92dc0bffa33624a99a889aa6dcac1eb6251ea01cc1e3414aa220dfbd040d8d85642353647ca18bee0bbfd5efba414e8f07ba7670beeda406bf675864d46
  languageName: node
  linkType: hard

"three-stdlib@npm:^2.29.9":
  version: 2.32.2
  resolution: "three-stdlib@npm:2.32.2"
  dependencies:
    "@types/draco3d": "npm:^1.4.0"
    "@types/offscreencanvas": "npm:^2019.6.4"
    "@types/webxr": "npm:^0.5.2"
    draco3d: "npm:^1.4.1"
    fflate: "npm:^0.6.9"
    potpack: "npm:^1.0.1"
  peerDependencies:
    three: ">=0.128.0"
  checksum: 10c0/efdaff8946cd46ffb153ded4acd8fcb30351f451d276873447409fd20cef0eba12587cef55786375d45d313eb0c2beefeafd6ae048f501719563d6e262b1775e
  languageName: node
  linkType: hard

"three@npm:^0.168.0":
  version: 0.168.0
  resolution: "three@npm:0.168.0"
  checksum: 10c0/04aa53e64a61f31edd9631e57fe697752c9d358bd96e1344206d05e981507a6dae5c9da4e3b8d9ec7c6c8fc49732fd3f23d3675d126fe9bc1936894bbee6cc98
  languageName: node
  linkType: hard

"troika-three-text@npm:^0.49.0":
  version: 0.49.1
  resolution: "troika-three-text@npm:0.49.1"
  dependencies:
    bidi-js: "npm:^1.0.2"
    troika-three-utils: "npm:^0.49.0"
    troika-worker-utils: "npm:^0.49.0"
    webgl-sdf-generator: "npm:1.1.1"
  peerDependencies:
    three: ">=0.125.0"
  checksum: 10c0/a356c9cc1e637ddbe92b41b1dc3bcceee7f4adcaacce88039044b4b33a6c3f3a146c3e3b8085c0dfb3a3cec94074fd96a2be548bfd73e7f40ad67a747089bdc1
  languageName: node
  linkType: hard

"troika-three-utils@npm:^0.49.0":
  version: 0.49.0
  resolution: "troika-three-utils@npm:0.49.0"
  peerDependencies:
    three: ">=0.125.0"
  checksum: 10c0/6cf14e6e49424e587538972810241d0acf4b005e5d9bbb3d5555bcb2b8b406c3fb0752ada68b455a18a6c29b42b6aa10c6cb333346343bffc73b5e198d5cb9f7
  languageName: node
  linkType: hard

"troika-worker-utils@npm:^0.49.0":
  version: 0.49.0
  resolution: "troika-worker-utils@npm:0.49.0"
  checksum: 10c0/e360f33fd5cb2adf50fbd91e85de15df518725370f667321043bb26fefd06b2ab26f8a894854aeb88f4f732faebf0f9cec9ece011dde1fe5bf2780d748ee0904
  languageName: node
  linkType: hard

"tunnel-rat@npm:^0.1.2":
  version: 0.1.2
  resolution: "tunnel-rat@npm:0.1.2"
  dependencies:
    zustand: "npm:^4.3.2"
  checksum: 10c0/93cd50c7c9141e2662707602a21401145092e5a3c815b57a752937419ab6187a2ff36fa7e0f65e0c587022149bf2d323ace07dff61106511b7d4845e53390cc9
  languageName: node
  linkType: hard

"use-sync-external-store@npm:1.2.2":
  version: 1.2.2
  resolution: "use-sync-external-store@npm:1.2.2"
  peerDependencies:
    react: ^16.8.0 || ^17.0.0 || ^18.0.0
  checksum: 10c0/23b1597c10adf15b26ade9e8c318d8cc0abc9ec0ab5fc7ca7338da92e89c2536abd150a5891bf076836c352fdfa104fc7231fb48f806fd9960e0cbe03601abaf
  languageName: node
  linkType: hard

"utility-types@npm:^3.10.0":
  version: 3.11.0
  resolution: "utility-types@npm:3.11.0"
  checksum: 10c0/2f1580137b0c3e6cf5405f37aaa8f5249961a76d26f1ca8efc0ff49a2fc0e0b2db56de8e521a174d075758e0c7eb3e590edec0832eb44478b958f09914920f19
  languageName: node
  linkType: hard

"uuid@npm:^9.0.1":
  version: 9.0.1
  resolution: "uuid@npm:9.0.1"
  bin:
    uuid: dist/bin/uuid
  checksum: 10c0/1607dd32ac7fc22f2d8f77051e6a64845c9bce5cd3dd8aa0070c074ec73e666a1f63c7b4e0f4bf2bc8b9d59dc85a15e17807446d9d2b17c8485fbc2147b27f9b
  languageName: node
  linkType: hard

"webgl-constants@npm:^1.1.1":
  version: 1.1.1
  resolution: "webgl-constants@npm:1.1.1"
  checksum: 10c0/525a9838b0cbcbab902d1bc5457882424a9c146f851042c901ae457123193f5c5e47846b47c1c999e4f3abc24322cac494cea0cc52fec28bd8eb3a05cd79d573
  languageName: node
  linkType: hard

"webgl-sdf-generator@npm:1.1.1":
  version: 1.1.1
  resolution: "webgl-sdf-generator@npm:1.1.1"
  checksum: 10c0/769bfab22a9485a59bda9448d1d8684228adc9ebdac2cc69012a0854282385d1bef319f703758829e2c647e7532a9844e62977110e825bd75a3e0b8a0ee276ce
  languageName: node
  linkType: hard

"which@npm:^2.0.1":
  version: 2.0.2
  resolution: "which@npm:2.0.2"
  dependencies:
    isexe: "npm:^2.0.0"
  bin:
    node-which: ./bin/node-which
  checksum: 10c0/66522872a768b60c2a65a57e8ad184e5372f5b6a9ca6d5f033d4b0dc98aff63995655a7503b9c0a2598936f532120e81dd8cc155e2e92ed662a2b9377cc4374f
  languageName: node
  linkType: hard

"yarn@npm:^1.22.22":
  version: 1.22.22
  resolution: "yarn@npm:1.22.22"
  bin:
    yarn: bin/yarn.js
    yarnpkg: bin/yarn.js
  checksum: 10c0/8c77198c93d7542e7f4e131c63b66de357b7076ecfbcfe709ec0d674115c2dd9edaa45196e5510e6e9366d368707a802579e3402071002e1c9d9a99d491478de
  languageName: node
  linkType: hard

"zustand@npm:^3.7.1":
  version: 3.7.2
  resolution: "zustand@npm:3.7.2"
  peerDependencies:
    react: ">=16.8"
  peerDependenciesMeta:
    react:
      optional: true
  checksum: 10c0/6a56185ca67080c252dfe96039da02094cfd780bd7a45768708105f114dea39ae9abc80ffaa7f3f6104e6490db325bd443b857ab5eab8ebf9a697318cd163bb6
  languageName: node
  linkType: hard

"zustand@npm:^4.3.2":
  version: 4.5.5
  resolution: "zustand@npm:4.5.5"
  dependencies:
    use-sync-external-store: "npm:1.2.2"
  peerDependencies:
    "@types/react": ">=16.8"
    immer: ">=9.0.6"
    react: ">=16.8"
  peerDependenciesMeta:
    "@types/react":
      optional: true
    immer:
      optional: true
    react:
      optional: true
  checksum: 10c0/d04469d76b29c7e4070da269886de4efdadedd3d3824dc2a06ac4ff62e3b5877f925e927afe7382de651829872b99adec48082f1bd69fe486149be666345e626
  languageName: node
  linkType: hard
